
Microsoft Visual Studio Solution File, Format Version 12.00
# Visual Studio 15
VisualStudioVersion = 15.0.27004.2005
MinimumVisualStudioVersion = 10.0.40219.1
Project("{9A19103F-16F7-4668-BE54-9A1E7A4F7556}") = "BotSpiel", "BotSpiel\BotSpiel.csproj", "{CEE8ABDE-B317-4781-AC5E-969D0D1F4E32}"
EndProject
Project("{9A19103F-16F7-4668-BE54-9A1E7A4F7556}") = "BotSpiel.DataAccess", "BotSpiel.DataAccess\BotSpiel.DataAccess.csproj", "{A39119BD-7CB6-41B7-A2F0-6F916292BB1E}"
EndProject
Project("{9A19103F-16F7-4668-BE54-9A1E7A4F7556}") = "BotSpiel.Services", "BotSpiel.Services\BotSpiel.Services.csproj", "{5D50A363-451A-40DE-85AF-C71000A35394}"
EndProject
Project("{9A19103F-16F7-4668-BE54-9A1E7A4F7556}") = "BotSpielConsole", "BotSpielConsole\BotSpielConsole.csproj", "{E8242BFA-C120-4D54-AC2A-BCF565D89A57}"
EndProject
Global
	GlobalSection(SolutionConfigurationPlatforms) = preSolution
		Debug|Any CPU = Debug|Any CPU
		Release|Any CPU = Release|Any CPU
	EndGlobalSection
	GlobalSection(ProjectConfigurationPlatforms) = postSolution
		{CEE8ABDE-B317-4781-AC5E-969D0D1F4E32}.Debug|Any CPU.ActiveCfg = Debug|Any CPU
		{CEE8ABDE-B317-4781-AC5E-969D0D1F4E32}.Debug|Any CPU.Build.0 = Debug|Any CPU
		{CEE8ABDE-B317-4781-AC5E-969D0D1F4E32}.Release|Any CPU.ActiveCfg = Release|Any CPU
		{CEE8ABDE-B317-4781-AC5E-969D0D1F4E32}.Release|Any CPU.Build.0 = Release|Any CPU
		{A39119BD-7CB6-41B7-A2F0-6F916292BB1E}.Debug|Any CPU.ActiveCfg = Debug|Any CPU
		{A39119BD-7CB6-41B7-A2F0-6F916292BB1E}.Debug|Any CPU.Build.0 = Debug|Any CPU
		{A39119BD-7CB6-41B7-A2F0-6F916292BB1E}.Release|Any CPU.ActiveCfg = Release|Any CPU
		{A39119BD-7CB6-41B7-A2F0-6F916292BB1E}.Release|Any CPU.Build.0 = Release|Any CPU
		{5D50A363-451A-40DE-85AF-C71000A35394}.Debug|Any CPU.ActiveCfg = Debug|Any CPU
		{5D50A363-451A-40DE-85AF-C71000A35394}.Debug|Any CPU.Build.0 = Debug|Any CPU
		{5D50A363-451A-40DE-85AF-C71000A35394}.Release|Any CPU.ActiveCfg = Release|Any CPU
		{5D50A363-451A-40DE-85AF-C71000A35394}.Release|Any CPU.Build.0 = Release|Any CPU
		{E8242BFA-C120-4D54-AC2A-BCF565D89A57}.Debug|Any CPU.ActiveCfg = Debug|Any CPU
		{E8242BFA-C120-4D54-AC2A-BCF565D89A57}.Debug|Any CPU.Build.0 = Debug|Any CPU
		{E8242BFA-C120-4D54-AC2A-BCF565D89A57}.Release|Any CPU.ActiveCfg = Release|Any CPU
		{E8242BFA-C120-4D54-AC2A-BCF565D89A57}.Release|Any CPU.Build.0 = Release|Any CPU
	EndGlobalSection
	GlobalSection(SolutionProperties) = preSolution
		HideSolutionNode = FALSE
	EndGlobalSection
	GlobalSection(ExtensibilityGlobals) = postSolution
		SolutionGuid = {29035339-31B9-41C4-B46A-085A8AEABC34}
	EndGlobalSection
EndGlobal
